
Microsoft Visual Studio Solution File, Format Version 12.00
Project("{FAE04EC0-301F-11D3-BF4B-00C04F79EFBC}") = "ModernizedCode", "ModernizedCode\ModernizedCode.csproj", "{CC4B4F32-6D23-4FA1-97BF-7AD7AAF3033F}"
EndProject
Global
	GlobalSection(SolutionConfigurationPlatforms) = preSolution
		Debug|Any CPU = Debug|Any CPU
		Release|Any CPU = Release|Any CPU
	EndGlobalSection
	GlobalSection(ProjectConfigurationPlatforms) = postSolution
		{CC4B4F32-6D23-4FA1-97BF-7AD7AAF3033F}.Debug|Any CPU.ActiveCfg = Debug|Any CPU
		{CC4B4F32-6D23-4FA1-97BF-7AD7AAF3033F}.Debug|Any CPU.Build.0 = Debug|Any CPU
		{CC4B4F32-6D23-4FA1-97BF-7AD7AAF3033F}.Release|Any CPU.ActiveCfg = Release|Any CPU
		{CC4B4F32-6D23-4FA1-97BF-7AD7AAF3033F}.Release|Any CPU.Build.0 = Release|Any CPU
	EndGlobalSection
EndGlobal
